
Microsoft Visual Studio Solution File, Format Version 12.00
# Visual Studio Version 17
VisualStudioVersion = 17.0.31903.59
MinimumVisualStudioVersion = 10.0.40219.1
Project("{FAE04EC0-301F-11D3-BF4B-00C04F79EFBC}") = "Lidgren.Network", "Lidgren.Network\Lidgren.Network.csproj", "{CFBD138E-EA38-4CCB-855C-334DE0D499C1}"
EndProject
Project("{FAE04EC0-301F-11D3-BF4B-00C04F79EFBC}") = "Lidgren.Network.Xna", "Lidgren.Network.Xna\Lidgren.Network.Xna.csproj", "{0F0CD8FB-C3EA-4962-B617-3DE9F6697BFF}"
EndProject
Global
	GlobalSection(SolutionConfigurationPlatforms) = preSolution
		Debug|Any CPU = Debug|Any CPU
		Release|Any CPU = Release|Any CPU
	EndGlobalSection
	GlobalSection(SolutionProperties) = preSolution
		HideSolutionNode = FALSE
	EndGlobalSection
	GlobalSection(ProjectConfigurationPlatforms) = postSolution
		{CFBD138E-EA38-4CCB-855C-334DE0D499C1}.Debug|Any CPU.ActiveCfg = Debug|Any CPU
		{CFBD138E-EA38-4CCB-855C-334DE0D499C1}.Debug|Any CPU.Build.0 = Debug|Any CPU
		{CFBD138E-EA38-4CCB-855C-334DE0D499C1}.Release|Any CPU.ActiveCfg = Release|Any CPU
		{CFBD138E-EA38-4CCB-855C-334DE0D499C1}.Release|Any CPU.Build.0 = Release|Any CPU
		{0F0CD8FB-C3EA-4962-B617-3DE9F6697BFF}.Debug|Any CPU.ActiveCfg = Debug|Any CPU
		{0F0CD8FB-C3EA-4962-B617-3DE9F6697BFF}.Debug|Any CPU.Build.0 = Debug|Any CPU
		{0F0CD8FB-C3EA-4962-B617-3DE9F6697BFF}.Release|Any CPU.ActiveCfg = Release|Any CPU
		{0F0CD8FB-C3EA-4962-B617-3DE9F6697BFF}.Release|Any CPU.Build.0 = Release|Any CPU
	EndGlobalSection
EndGlobal
